
Microsoft Visual Studio Solution File, Format Version 12.00
# Visual Studio Version 17
VisualStudioVersion = 17.7.34202.233
MinimumVisualStudioVersion = 10.0.40219.1
Project("{FAE04EC0-301F-11D3-BF4B-00C04F79EFBC}") = "Exercitiu2", "Exercitiu2\Exercitiu2.csproj", "{809567DD-2166-4E75-804C-BF7828E3130A}"
EndProject
Global
	GlobalSection(SolutionConfigurationPlatforms) = preSolution
		Debug|Any CPU = Debug|Any CPU
		Release|Any CPU = Release|Any CPU
	EndGlobalSection
	GlobalSection(ProjectConfigurationPlatforms) = postSolution
		{809567DD-2166-4E75-804C-BF7828E3130A}.Debug|Any CPU.ActiveCfg = Debug|Any CPU
		{809567DD-2166-4E75-804C-BF7828E3130A}.Debug|Any CPU.Build.0 = Debug|Any CPU
		{809567DD-2166-4E75-804C-BF7828E3130A}.Release|Any CPU.ActiveCfg = Release|Any CPU
		{809567DD-2166-4E75-804C-BF7828E3130A}.Release|Any CPU.Build.0 = Release|Any CPU
	EndGlobalSection
	GlobalSection(SolutionProperties) = preSolution
		HideSolutionNode = FALSE
	EndGlobalSection
	GlobalSection(ExtensibilityGlobals) = postSolution
		SolutionGuid = {3E83582D-8A5A-46F1-917E-3E2926946D8B}
	EndGlobalSection
EndGlobal
