
Microsoft Visual Studio Solution File, Format Version 12.00
# Visual Studio Version 17
VisualStudioVersion = 17.7.34202.233
MinimumVisualStudioVersion = 10.0.40219.1
Project("{FAE04EC0-301F-11D3-BF4B-00C04F79EFBC}") = "Exercitiu 12", "Exercitiu 12\Exercitiu 12.csproj", "{3783603C-C6F5-4F83-AB5F-71C9655FADD5}"
EndProject
Global
	GlobalSection(SolutionConfigurationPlatforms) = preSolution
		Debug|Any CPU = Debug|Any CPU
		Release|Any CPU = Release|Any CPU
	EndGlobalSection
	GlobalSection(ProjectConfigurationPlatforms) = postSolution
		{3783603C-C6F5-4F83-AB5F-71C9655FADD5}.Debug|Any CPU.ActiveCfg = Debug|Any CPU
		{3783603C-C6F5-4F83-AB5F-71C9655FADD5}.Debug|Any CPU.Build.0 = Debug|Any CPU
		{3783603C-C6F5-4F83-AB5F-71C9655FADD5}.Release|Any CPU.ActiveCfg = Release|Any CPU
		{3783603C-C6F5-4F83-AB5F-71C9655FADD5}.Release|Any CPU.Build.0 = Release|Any CPU
	EndGlobalSection
	GlobalSection(SolutionProperties) = preSolution
		HideSolutionNode = FALSE
	EndGlobalSection
	GlobalSection(ExtensibilityGlobals) = postSolution
		SolutionGuid = {58BD2239-8183-44A9-8158-DE8CCF80F92D}
	EndGlobalSection
EndGlobal
