
Microsoft Visual Studio Solution File, Format Version 12.00
# Visual Studio Version 17
VisualStudioVersion = 17.7.34202.233
MinimumVisualStudioVersion = 10.0.40219.1
Project("{FAE04EC0-301F-11D3-BF4B-00C04F79EFBC}") = "Exercitiu 3", "Exercitiu 3\Exercitiu 3.csproj", "{35A98B17-8590-441C-A548-80B6A5B3D828}"
EndProject
Global
	GlobalSection(SolutionConfigurationPlatforms) = preSolution
		Debug|Any CPU = Debug|Any CPU
		Release|Any CPU = Release|Any CPU
	EndGlobalSection
	GlobalSection(ProjectConfigurationPlatforms) = postSolution
		{35A98B17-8590-441C-A548-80B6A5B3D828}.Debug|Any CPU.ActiveCfg = Debug|Any CPU
		{35A98B17-8590-441C-A548-80B6A5B3D828}.Debug|Any CPU.Build.0 = Debug|Any CPU
		{35A98B17-8590-441C-A548-80B6A5B3D828}.Release|Any CPU.ActiveCfg = Release|Any CPU
		{35A98B17-8590-441C-A548-80B6A5B3D828}.Release|Any CPU.Build.0 = Release|Any CPU
	EndGlobalSection
	GlobalSection(SolutionProperties) = preSolution
		HideSolutionNode = FALSE
	EndGlobalSection
	GlobalSection(ExtensibilityGlobals) = postSolution
		SolutionGuid = {891D55CE-EA9E-4A0F-9108-C01E2ECD96CB}
	EndGlobalSection
EndGlobal
